
Microsoft Visual Studio Solution File, Format Version 12.00
# Visual Studio 15
VisualStudioVersion = 15.0.26730.15
MinimumVisualStudioVersion = 10.0.40219.1
Project("{FAE04EC0-301F-11D3-BF4B-00C04F79EFBC}") = "KarraPath", "KarraPath\KarraPath.csproj", "{38B95DC1-BD25-4B2B-B0C6-A104DE523B3A}"
EndProject
Project("{FAE04EC0-301F-11D3-BF4B-00C04F79EFBC}") = "Interface", "Interface\Interface.csproj", "{DFA935EC-1657-452D-AF25-94370C54D8CD}"
EndProject
Global
	GlobalSection(SolutionConfigurationPlatforms) = preSolution
		Debug|Any CPU = Debug|Any CPU
		Release|Any CPU = Release|Any CPU
	EndGlobalSection
	GlobalSection(ProjectConfigurationPlatforms) = postSolution
		{38B95DC1-BD25-4B2B-B0C6-A104DE523B3A}.Debug|Any CPU.ActiveCfg = Debug|Any CPU
		{38B95DC1-BD25-4B2B-B0C6-A104DE523B3A}.Debug|Any CPU.Build.0 = Debug|Any CPU
		{38B95DC1-BD25-4B2B-B0C6-A104DE523B3A}.Release|Any CPU.ActiveCfg = Release|Any CPU
		{38B95DC1-BD25-4B2B-B0C6-A104DE523B3A}.Release|Any CPU.Build.0 = Release|Any CPU
		{DFA935EC-1657-452D-AF25-94370C54D8CD}.Debug|Any CPU.ActiveCfg = Debug|Any CPU
		{DFA935EC-1657-452D-AF25-94370C54D8CD}.Debug|Any CPU.Build.0 = Debug|Any CPU
		{DFA935EC-1657-452D-AF25-94370C54D8CD}.Release|Any CPU.ActiveCfg = Release|Any CPU
		{DFA935EC-1657-452D-AF25-94370C54D8CD}.Release|Any CPU.Build.0 = Release|Any CPU
	EndGlobalSection
	GlobalSection(SolutionProperties) = preSolution
		HideSolutionNode = FALSE
	EndGlobalSection
	GlobalSection(ExtensibilityGlobals) = postSolution
		SolutionGuid = {D2CDB3AC-4500-4283-A4DE-1C27849572A6}
	EndGlobalSection
EndGlobal
